
Microsoft Visual Studio Solution File, Format Version 12.00
# Visual Studio Version 17
VisualStudioVersion = 17.6.33723.286
MinimumVisualStudioVersion = 10.0.40219.1
Project("{FAE04EC0-301F-11D3-BF4B-00C04F79EFBC}") = "Product.API", "Product.API\Product.API.csproj", "{45073B0C-1611-47A5-9452-D213AB5423D5}"
EndProject
Global
	GlobalSection(SolutionConfigurationPlatforms) = preSolution
		Debug|Any CPU = Debug|Any CPU
		Release|Any CPU = Release|Any CPU
	EndGlobalSection
	GlobalSection(ProjectConfigurationPlatforms) = postSolution
		{45073B0C-1611-47A5-9452-D213AB5423D5}.Debug|Any CPU.ActiveCfg = Debug|Any CPU
		{45073B0C-1611-47A5-9452-D213AB5423D5}.Debug|Any CPU.Build.0 = Debug|Any CPU
		{45073B0C-1611-47A5-9452-D213AB5423D5}.Release|Any CPU.ActiveCfg = Release|Any CPU
		{45073B0C-1611-47A5-9452-D213AB5423D5}.Release|Any CPU.Build.0 = Release|Any CPU
	EndGlobalSection
	GlobalSection(SolutionProperties) = preSolution
		HideSolutionNode = FALSE
	EndGlobalSection
	GlobalSection(ExtensibilityGlobals) = postSolution
		SolutionGuid = {198E7845-BBFB-4647-A9E1-E83812B67251}
	EndGlobalSection
EndGlobal
